
Microsoft Visual Studio Solution File, Format Version 12.00
# Visual Studio 15
VisualStudioVersion = 15.0.28307.329
MinimumVisualStudioVersion = 10.0.40219.1
Project("{FAE04EC0-301F-11D3-BF4B-00C04F79EFBC}") = "DeserializeAnObjectWebApi", "DeserializeAnObjectWebApi\DeserializeAnObjectWebApi.csproj", "{EA0894EA-D55A-4CC7-86DA-1F83BB0CB205}"
EndProject
Global
	GlobalSection(SolutionConfigurationPlatforms) = preSolution
		Debug|Any CPU = Debug|Any CPU
		Release|Any CPU = Release|Any CPU
	EndGlobalSection
	GlobalSection(ProjectConfigurationPlatforms) = postSolution
		{EA0894EA-D55A-4CC7-86DA-1F83BB0CB205}.Debug|Any CPU.ActiveCfg = Debug|Any CPU
		{EA0894EA-D55A-4CC7-86DA-1F83BB0CB205}.Debug|Any CPU.Build.0 = Debug|Any CPU
		{EA0894EA-D55A-4CC7-86DA-1F83BB0CB205}.Release|Any CPU.ActiveCfg = Release|Any CPU
		{EA0894EA-D55A-4CC7-86DA-1F83BB0CB205}.Release|Any CPU.Build.0 = Release|Any CPU
	EndGlobalSection
	GlobalSection(SolutionProperties) = preSolution
		HideSolutionNode = FALSE
	EndGlobalSection
	GlobalSection(ExtensibilityGlobals) = postSolution
		SolutionGuid = {3F93EB2B-DA76-4F94-B9EF-C5D7A6D281CA}
	EndGlobalSection
EndGlobal
